
Microsoft Visual Studio Solution File, Format Version 12.00
# Visual Studio 15
VisualStudioVersion = 15.0.27004.2006
MinimumVisualStudioVersion = 10.0.40219.1
Project("{9A19103F-16F7-4668-BE54-9A1E7A4F7556}") = "WebTransportSystem", "WebTransportSystem\WebTransportSystem.csproj", "{3A57A6DA-CAE5-409B-8026-E2A40305ED54}"
EndProject
Project("{FAE04EC0-301F-11D3-BF4B-00C04F79EFBC}") = "WebTransportSystem.Tests", "WebTransportSystem.Tests\WebTransportSystem.Tests.csproj", "{9D343D43-2091-4293-81F3-A247F1EF6BF1}"
EndProject
Global
	GlobalSection(SolutionConfigurationPlatforms) = preSolution
		Debug|Any CPU = Debug|Any CPU
		Release|Any CPU = Release|Any CPU
	EndGlobalSection
	GlobalSection(ProjectConfigurationPlatforms) = postSolution
		{3A57A6DA-CAE5-409B-8026-E2A40305ED54}.Debug|Any CPU.ActiveCfg = Debug|Any CPU
		{3A57A6DA-CAE5-409B-8026-E2A40305ED54}.Debug|Any CPU.Build.0 = Debug|Any CPU
		{3A57A6DA-CAE5-409B-8026-E2A40305ED54}.Release|Any CPU.ActiveCfg = Release|Any CPU
		{3A57A6DA-CAE5-409B-8026-E2A40305ED54}.Release|Any CPU.Build.0 = Release|Any CPU
		{9D343D43-2091-4293-81F3-A247F1EF6BF1}.Debug|Any CPU.ActiveCfg = Debug|Any CPU
		{9D343D43-2091-4293-81F3-A247F1EF6BF1}.Debug|Any CPU.Build.0 = Debug|Any CPU
		{9D343D43-2091-4293-81F3-A247F1EF6BF1}.Release|Any CPU.ActiveCfg = Release|Any CPU
		{9D343D43-2091-4293-81F3-A247F1EF6BF1}.Release|Any CPU.Build.0 = Release|Any CPU
	EndGlobalSection
	GlobalSection(SolutionProperties) = preSolution
		HideSolutionNode = FALSE
	EndGlobalSection
	GlobalSection(ExtensibilityGlobals) = postSolution
		SolutionGuid = {596EEE42-A6CD-47D2-BA11-FF1E8E1EB70A}
	EndGlobalSection
EndGlobal
